
Microsoft Visual Studio Solution File, Format Version 12.00
# Visual Studio 15
VisualStudioVersion = 15.0.27428.2002
MinimumVisualStudioVersion = 10.0.40219.1
Project("{FAE04EC0-301F-11D3-BF4B-00C04F79EFBC}") = "Obis_Sample", "Obis_Sample\Obis_Sample.csproj", "{7702848A-5D5B-42AF-95EC-6F1FEA322E29}"
EndProject
Project("{54435603-DBB4-11D2-8724-00A0C9A8B90C}") = "Obis", "Obis\Obis.vdproj", "{EFAE60C9-813F-435C-974B-9FA8858C571C}"
EndProject
Global
	GlobalSection(SolutionConfigurationPlatforms) = preSolution
		Debug|Any CPU = Debug|Any CPU
		Release|Any CPU = Release|Any CPU
	EndGlobalSection
	GlobalSection(ProjectConfigurationPlatforms) = postSolution
		{7702848A-5D5B-42AF-95EC-6F1FEA322E29}.Debug|Any CPU.ActiveCfg = Debug|Any CPU
		{7702848A-5D5B-42AF-95EC-6F1FEA322E29}.Debug|Any CPU.Build.0 = Debug|Any CPU
		{7702848A-5D5B-42AF-95EC-6F1FEA322E29}.Release|Any CPU.ActiveCfg = Release|Any CPU
		{7702848A-5D5B-42AF-95EC-6F1FEA322E29}.Release|Any CPU.Build.0 = Release|Any CPU
		{EFAE60C9-813F-435C-974B-9FA8858C571C}.Debug|Any CPU.ActiveCfg = Debug
		{EFAE60C9-813F-435C-974B-9FA8858C571C}.Release|Any CPU.ActiveCfg = Release
	EndGlobalSection
	GlobalSection(SolutionProperties) = preSolution
		HideSolutionNode = FALSE
	EndGlobalSection
	GlobalSection(ExtensibilityGlobals) = postSolution
		SolutionGuid = {CF725FF5-3132-4B8C-A2EC-943FF1AC2036}
	EndGlobalSection
EndGlobal
